{
  "name": "@sse-auth/utils",
  "version": "1.1.0",
  "lockfileVersion": 3,
  "requires": true,
  "packages": {
    "": {
      "name": "@sse-auth/utils",
      "version": "1.1.0",
      "license": "MIT",
      "dependencies": {
        "jose": "^5.9.6"
      },
      "devDependencies": {
        "@panva/hkdf": "^1.2.1",
        "@sse-auth/types": "file:sse-auth-types-1.2.3.tgz"
      },
      "peerDependencies": {
        "@sse-auth/types": "file:sse-auth-types-1.2.3.tgz"
      }
    },
    "node_modules/@panva/hkdf": {
      "version": "1.2.1",
      "resolved": "https://registry.npmjs.org/@panva/hkdf/-/hkdf-1.2.1.tgz",
      "integrity": "sha512-6oclG6Y3PiDFcoyk8srjLfVKyMfVCKJ27JwNPViuXziFpmdz+MZnZN/aKY0JGXgYuO/VghU0jcOAZgWXZ1Dmrw==",
      "dev": true,
      "license": "MIT",
      "funding": {
        "url": "https://github.com/sponsors/panva"
      }
    },
    "node_modules/@sse-auth/types": {
      "version": "1.2.3",
      "resolved": "file:sse-auth-types-1.2.3.tgz",
      "integrity": "sha512-aK3DtjBK8IinuchxWoQq+4DxkaonPo9Hv8d7U6f9+jIz1dmqFYURfv3IBsA6sXnK3MNPi+7yNEo462JgYp8eCA==",
      "dev": true,
      "license": "MIT"
    },
    "node_modules/jose": {
      "version": "5.9.6",
      "resolved": "https://registry.npmjs.org/jose/-/jose-5.9.6.tgz",
      "integrity": "sha512-AMlnetc9+CV9asI19zHmrgS/WYsWUwCn2R7RzlbJWD7F9eWYUTGyBmU9o6PxngtLGOiDGPRu+Uc4fhKzbpteZQ==",
      "license": "MIT",
      "funding": {
        "url": "https://github.com/sponsors/panva"
      }
    }
  }
}
